// !$*UTF8*$!
{
	archiveVersion = 1;
	classes = {
	};
	objectVersion = 77;
	objects = {

/* Begin PBXBuildFile section */
		3D3DFC21303879EC00B841E1 /* SampaiTitik Watch App.app in Embed Watch Content */ = {isa = PBXBuildFile; fileRef = 3D3DFC20303879EC00B841E1 /* SampaiTitik Watch App.app */; settings = {ATTRIBUTES = (RemoveHeadersOnCopy, ); }; };
/* End PBXBuildFile section */

/* Begin PBXContainerItemProxy section */
		3D3DFC0B303879EC00B841E1 /* PBXContainerItemProxy */ = {
			isa = PBXContainerItemProxy;
			containerPortal = 3D3DFBF5303879EB00B841E1 /* Project object */;
			proxyType = 1;
			remoteGlobalIDString = 3D3DFBFC303879EB00B841E1;
			remoteInfo = SampaiTitik;
		};
		3D3DFC15303879EC00B841E1 /* PBXContainerItemProxy */ = {
			isa = PBXContainerItemProxy;
			containerPortal = 3D3DFBF5303879EB00B841E1 /* Project object */;
			proxyType = 1;
			remoteGlobalIDString = 3D3DFBFC303879EB00B841E1;
			remoteInfo = SampaiTitik;
		};
		3D3DFC22303879EC00B841E1 /* PBXContainerItemProxy */ = {
			isa = PBXContainerItemProxy;
			containerPortal = 3D3DFBF5303879EB00B841E1 /* Project object */;
			proxyType = 1;
			remoteGlobalIDString = 3D3DFC1F303879EC00B841E1;
			remoteInfo = "SampaiTitik Watch App";
		};
		3D3DFC30303879ED00B841E1 /* PBXContainerItemProxy */ = {
			isa = PBXContainerItemProxy;
			containerPortal = 3D3DFBF5303879EB00B841E1 /* Project object */;
			proxyType = 1;
			remoteGlobalIDString = 3D3DFC1F303879EC00B841E1;
			remoteInfo = "SampaiTitik Watch App";
		};
		3D3DFC3A303879ED00B841E1 /* PBXContainerItemProxy */ = {
			isa = PBXContainerItemProxy;
			containerPortal = 3D3DFBF5303879EB00B841E1 /* Project object */;
			proxyType = 1;
			remoteGlobalIDString = 3D3DFC1F303879EC00B841E1;
			remoteInfo = "SampaiTitik Watch App";
		};
/* End PBXContainerItemProxy section */

/* Begin PBXCopyFilesBuildPhase section */
		3D166B493040B3A000FB4578 /* Embed Foundation Extensions */ = {
			isa = PBXCopyFilesBuildPhase;
			buildActionMask = 2147483647;
			dstPath = "";
			dstSubfolderSpec = 13;
			files = (
			);
			name = "Embed Foundation Extensions";
			runOnlyForDeploymentPostprocessing = 0;
		};
		3D3DFC46303879ED00B841E1 /* Embed Watch Content */ = {
			isa = PBXCopyFilesBuildPhase;
			buildActionMask = 2147483647;
			dstPath = "$(CONTENTS_FOLDER_PATH)/Watch";
			dstSubfolderSpec = 16;
			files = (
				3D3DFC21303879EC00B841E1 /* SampaiTitik Watch App.app in Embed Watch Content */,
			);
			name = "Embed Watch Content";
			runOnlyForDeploymentPostprocessing = 0;
		};
/* End PBXCopyFilesBuildPhase section */

/* Begin PBXFileReference section */
		3D166B343040B39F00FB4578 /* WidgetKit.framework */ = {isa = PBXFileReference; lastKnownFileType = wrapper.framework; name = WidgetKit.framework; path = System/Library/Frameworks/WidgetKit.framework; sourceTree = SDKROOT; };
		3D166B363040B39F00FB4578 /* SwiftUI.framework */ = {isa = PBXFileReference; lastKnownFileType = wrapper.framework; name = SwiftUI.framework; path = System/Library/Frameworks/SwiftUI.framework; sourceTree = SDKROOT; };
		3D3DFBFD303879EB00B841E1 /* SampaiTitik.app */ = {isa = PBXFileReference; explicitFileType = wrapper.application; includeInIndex = 0; path = SampaiTitik.app; sourceTree = BUILT_PRODUCTS_DIR; };
		3D3DFC0A303879EC00B841E1 /* SampaiTitikTests.xctest */ = {isa = PBXFileReference; explicitFileType = wrapper.cfbundle; includeInIndex = 0; path = SampaiTitikTests.xctest; sourceTree = BUILT_PRODUCTS_DIR; };
		3D3DFC14303879EC00B841E1 /* SampaiTitikUITests.xctest */ = {isa = PBXFileReference; explicitFileType = wrapper.cfbundle; includeInIndex = 0; path = SampaiTitikUITests.xctest; sourceTree = BUILT_PRODUCTS_DIR; };
		3D3DFC20303879EC00B841E1 /* SampaiTitik Watch App.app */ = {isa = PBXFileReference; explicitFileType = wrapper.application; includeInIndex = 0; path = "SampaiTitik Watch App.app"; sourceTree = BUILT_PRODUCTS_DIR; };
		3D3DFC2F303879ED00B841E1 /* SampaiTitik Watch AppTests.xctest */ = {isa = PBXFileReference; explicitFileType = wrapper.cfbundle; includeInIndex = 0; path = "SampaiTitik Watch AppTests.xctest"; sourceTree = BUILT_PRODUCTS_DIR; };
		3D3DFC39303879ED00B841E1 /* SampaiTitik Watch AppUITests.xctest */ = {isa = PBXFileReference; explicitFileType = wrapper.cfbundle; includeInIndex = 0; path = "SampaiTitik Watch AppUITests.xctest"; sourceTree = BUILT_PRODUCTS_DIR; };
/* End PBXFileReference section */

/* Begin PBXFileSystemSynchronizedBuildFileExceptionSet section */
		3DE52E60303EEA72002B9F42 /* Exceptions for "SampaiTitik" folder in "SampaiTitik" target */ = {
			isa = PBXFileSystemSynchronizedBuildFileExceptionSet;
			membershipExceptions = (
				Info.plist,
			);
			target = 3D3DFBFC303879EB00B841E1 /* SampaiTitik */;
		};
/* End PBXFileSystemSynchronizedBuildFileExceptionSet section */

/* Begin PBXFileSystemSynchronizedRootGroup section */
		3D166B383040B39F00FB4578 /* SampaiTitikWidget */ = {
			isa = PBXFileSystemSynchronizedRootGroup;
			path = SampaiTitikWidget;
			sourceTree = "<group>";
		};
		3D3DFBFF303879EB00B841E1 /* SampaiTitik */ = {
			isa = PBXFileSystemSynchronizedRootGroup;
			exceptions = (
				3DE52E60303EEA72002B9F42 /* Exceptions for "SampaiTitik" folder in "SampaiTitik" target */,
			);
			path = SampaiTitik;
			sourceTree = "<group>";
		};
		3D3DFC0D303879EC00B841E1 /* SampaiTitikTests */ = {
			isa = PBXFileSystemSynchronizedRootGroup;
			path = SampaiTitikTests;
			sourceTree = "<group>";
		};
		3D3DFC17303879EC00B841E1 /* SampaiTitikUITests */ = {
			isa = PBXFileSystemSynchronizedRootGroup;
			path = SampaiTitikUITests;
			sourceTree = "<group>";
		};
		3D3DFC24303879EC00B841E1 /* SampaiTitik Watch App */ = {
			isa = PBXFileSystemSynchronizedRootGroup;
			path = "SampaiTitik Watch App";
			sourceTree = "<group>";
		};
		3D3DFC32303879ED00B841E1 /* SampaiTitik Watch AppTests */ = {
			isa = PBXFileSystemSynchronizedRootGroup;
			path = "SampaiTitik Watch AppTests";
			sourceTree = "<group>";
		};
		3D3DFC3C303879ED00B841E1 /* SampaiTitik Watch AppUITests */ = {
			isa = PBXFileSystemSynchronizedRootGroup;
			path = "SampaiTitik Watch AppUITests";
			sourceTree = "<group>";
		};
/* End PBXFileSystemSynchronizedRootGroup section */

/* Begin PBXFrameworksBuildPhase section */
		3D3DFBFA303879EB00B841E1 /* Frameworks */ = {
			isa = PBXFrameworksBuildPhase;
			buildActionMask = 2147483647;
			files = (
			);
			runOnlyForDeploymentPostprocessing = 0;
		};
		3D3DFC07303879EC00B841E1 /* Frameworks */ = {
			isa = PBXFrameworksBuildPhase;
			buildActionMask = 2147483647;
			files = (
			);
			runOnlyForDeploymentPostprocessing = 0;
		};
		3D3DFC11303879EC00B841E1 /* Frameworks */ = {
			isa = PBXFrameworksBuildPhase;
			buildActionMask = 2147483647;
			files = (
			);
			runOnlyForDeploymentPostprocessing = 0;
		};
		3D3DFC1D303879EC00B841E1 /* Frameworks */ = {
			isa = PBXFrameworksBuildPhase;
			buildActionMask = 2147483647;
			files = (
			);
			runOnlyForDeploymentPostprocessing = 0;
		};
		3D3DFC2C303879ED00B841E1 /* Frameworks */ = {
			isa = PBXFrameworksBuildPhase;
			buildActionMask = 2147483647;
			files = (
			);
			runOnlyForDeploymentPostprocessing = 0;
		};
		3D3DFC36303879ED00B841E1 /* Frameworks */ = {
			isa = PBXFrameworksBuildPhase;
			buildActionMask = 2147483647;
			files = (
			);
			runOnlyForDeploymentPostprocessing = 0;
		};
/* End PBXFrameworksBuildPhase section */

/* Begin PBXGroup section */
		3D166B333040B39F00FB4578 /* Frameworks */ = {
			isa = PBXGroup;
			children = (
				3D166B343040B39F00FB4578 /* WidgetKit.framework */,
				3D166B363040B39F00FB4578 /* SwiftUI.framework */,
			);
			name = Frameworks;
			sourceTree = "<group>";
		};
		3D3DFBF4303879EB00B841E1 = {
			isa = PBXGroup;
			children = (
				3D3DFBFF303879EB00B841E1 /* SampaiTitik */,
				3D3DFC0D303879EC00B841E1 /* SampaiTitikTests */,
				3D3DFC17303879EC00B841E1 /* SampaiTitikUITests */,
				3D3DFC24303879EC00B841E1 /* SampaiTitik Watch App */,
				3D3DFC32303879ED00B841E1 /* SampaiTitik Watch AppTests */,
				3D3DFC3C303879ED00B841E1 /* SampaiTitik Watch AppUITests */,
				3D166B383040B39F00FB4578 /* SampaiTitikWidget */,
				3D166B333040B39F00FB4578 /* Frameworks */,
				3D3DFBFE303879EB00B841E1 /* Products */,
			);
			sourceTree = "<group>";
		};
		3D3DFBFE303879EB00B841E1 /* Products */ = {
			isa = PBXGroup;
			children = (
				3D3DFBFD303879EB00B841E1 /* SampaiTitik.app */,
				3D3DFC0A303879EC00B841E1 /* SampaiTitikTests.xctest */,
				3D3DFC14303879EC00B841E1 /* SampaiTitikUITests.xctest */,
				3D3DFC20303879EC00B841E1 /* SampaiTitik Watch App.app */,
				3D3DFC2F303879ED00B841E1 /* SampaiTitik Watch AppTests.xctest */,
				3D3DFC39303879ED00B841E1 /* SampaiTitik Watch AppUITests.xctest */,
			);
			name = Products;
			sourceTree = "<group>";
		};
/* End PBXGroup section */

/* Begin PBXNativeTarget section */
		3D3DFBFC303879EB00B841E1 /* SampaiTitik */ = {
			isa = PBXNativeTarget;
			buildConfigurationList = 3D3DFC47303879ED00B841E1 /* Build configuration list for PBXNativeTarget "SampaiTitik" */;
			buildPhases = (
				3D3DFBF9303879EB00B841E1 /* Sources */,
				3D3DFBFA303879EB00B841E1 /* Frameworks */,
				3D3DFBFB303879EB00B841E1 /* Resources */,
				3D3DFC46303879ED00B841E1 /* Embed Watch Content */,
				3D166B493040B3A000FB4578 /* Embed Foundation Extensions */,
			);
			buildRules = (
			);
			dependencies = (
				3D3DFC23303879EC00B841E1 /* PBXTargetDependency */,
			);
			fileSystemSynchronizedGroups = (
				3D3DFBFF303879EB00B841E1 /* SampaiTitik */,
			);
			name = SampaiTitik;
			packageProductDependencies = (
			);
			productName = SampaiTitik;
			productReference = 3D3DFBFD303879EB00B841E1 /* SampaiTitik.app */;
			productType = "com.apple.product-type.application";
		};
		3D3DFC09303879EC00B841E1 /* SampaiTitikTests */ = {
			isa = PBXNativeTarget;
			buildConfigurationList = 3D3DFC4A303879ED00B841E1 /* Build configuration list for PBXNativeTarget "SampaiTitikTests" */;
			buildPhases = (
				3D3DFC06303879EC00B841E1 /* Sources */,
				3D3DFC07303879EC00B841E1 /* Frameworks */,
				3D3DFC08303879EC00B841E1 /* Resources */,
			);
			buildRules = (
			);
			dependencies = (
				3D3DFC0C303879EC00B841E1 /* PBXTargetDependency */,
			);
			fileSystemSynchronizedGroups = (
				3D3DFC0D303879EC00B841E1 /* SampaiTitikTests */,
			);
			name = SampaiTitikTests;
			packageProductDependencies = (
			);
			productName = SampaiTitikTests;
			productReference = 3D3DFC0A303879EC00B841E1 /* SampaiTitikTests.xctest */;
			productType = "com.apple.product-type.bundle.unit-test";
		};
		3D3DFC13303879EC00B841E1 /* SampaiTitikUITests */ = {
			isa = PBXNativeTarget;
			buildConfigurationList = 3D3DFC4D303879ED00B841E1 /* Build configuration list for PBXNativeTarget "SampaiTitikUITests" */;
			buildPhases = (
				3D3DFC10303879EC00B841E1 /* Sources */,
				3D3DFC11303879EC00B841E1 /* Frameworks */,
				3D3DFC12303879EC00B841E1 /* Resources */,
			);
			buildRules = (
			);
			dependencies = (
				3D3DFC16303879EC00B841E1 /* PBXTargetDependency */,
			);
			fileSystemSynchronizedGroups = (
				3D3DFC17303879EC00B841E1 /* SampaiTitikUITests */,
			);
			name = SampaiTitikUITests;
			packageProductDependencies = (
			);
			productName = SampaiTitikUITests;
			productReference = 3D3DFC14303879EC00B841E1 /* SampaiTitikUITests.xctest */;
			productType = "com.apple.product-type.bundle.ui-testing";
		};
		3D3DFC1F303879EC00B841E1 /* SampaiTitik Watch App */ = {
			isa = PBXNativeTarget;
			buildConfigurationList = 3D3DFC43303879ED00B841E1 /* Build configuration list for PBXNativeTarget "SampaiTitik Watch App" */;
			buildPhases = (
				3D3DFC1C303879EC00B841E1 /* Sources */,
				3D3DFC1D303879EC00B841E1 /* Frameworks */,
				3D3DFC1E303879EC00B841E1 /* Resources */,
			);
			buildRules = (
			);
			dependencies = (
			);
			fileSystemSynchronizedGroups = (
				3D3DFC24303879EC00B841E1 /* SampaiTitik Watch App */,
			);
			name = "SampaiTitik Watch App";
			packageProductDependencies = (
			);
			productName = "SampaiTitik Watch App";
			productReference = 3D3DFC20303879EC00B841E1 /* SampaiTitik Watch App.app */;
			productType = "com.apple.product-type.application";
		};
		3D3DFC2E303879ED00B841E1 /* SampaiTitik Watch AppTests */ = {
			isa = PBXNativeTarget;
			buildConfigurationList = 3D3DFC50303879ED00B841E1 /* Build configuration list for PBXNativeTarget "SampaiTitik Watch AppTests" */;
			buildPhases = (
				3D3DFC2B303879ED00B841E1 /* Sources */,
				3D3DFC2C303879ED00B841E1 /* Frameworks */,
				3D3DFC2D303879ED00B841E1 /* Resources */,
			);
			buildRules = (
			);
			dependencies = (
				3D3DFC31303879ED00B841E1 /* PBXTargetDependency */,
			);
			fileSystemSynchronizedGroups = (
				3D3DFC32303879ED00B841E1 /* SampaiTitik Watch AppTests */,
			);
			name = "SampaiTitik Watch AppTests";
			packageProductDependencies = (
			);
			productName = "SampaiTitik Watch AppTests";
			productReference = 3D3DFC2F303879ED00B841E1 /* SampaiTitik Watch AppTests.xctest */;
			productType = "com.apple.product-type.bundle.unit-test";
		};
		3D3DFC38303879ED00B841E1 /* SampaiTitik Watch AppUITests */ = {
			isa = PBXNativeTarget;
			buildConfigurationList = 3D3DFC53303879ED00B841E1 /* Build configuration list for PBXNativeTarget "SampaiTitik Watch AppUITests" */;
			buildPhases = (
				3D3DFC35303879ED00B841E1 /* Sources */,
				3D3DFC36303879ED00B841E1 /* Frameworks */,
				3D3DFC37303879ED00B841E1 /* Resources */,
			);
			buildRules = (
			);
			dependencies = (
				3D3DFC3B303879ED00B841E1 /* PBXTargetDependency */,
			);
			fileSystemSynchronizedGroups = (
				3D3DFC3C303879ED00B841E1 /* SampaiTitik Watch AppUITests */,
			);
			name = "SampaiTitik Watch AppUITests";
			packageProductDependencies = (
			);
			productName = "SampaiTitik Watch AppUITests";
			productReference = 3D3DFC39303879ED00B841E1 /* SampaiTitik Watch AppUITests.xctest */;
			productType = "com.apple.product-type.bundle.ui-testing";
		};
/* End PBXNativeTarget section */

/* Begin PBXProject section */
		3D3DFBF5303879EB00B841E1 /* Project object */ = {
			isa = PBXProject;
			attributes = {
				BuildIndependentTargetsInParallel = 1;
				LastSwiftUpdateCheck = 2660;
				LastUpgradeCheck = 2660;
				TargetAttributes = {
					3D3DFBFC303879EB00B841E1 = {
						CreatedOnToolsVersion = 26.6;
					};
					3D3DFC09303879EC00B841E1 = {
						CreatedOnToolsVersion = 26.6;
						TestTargetID = 3D3DFBFC303879EB00B841E1;
					};
					3D3DFC13303879EC00B841E1 = {
						CreatedOnToolsVersion = 26.6;
						TestTargetID = 3D3DFBFC303879EB00B841E1;
					};
					3D3DFC1F303879EC00B841E1 = {
						CreatedOnToolsVersion = 26.6;
					};
					3D3DFC2E303879ED00B841E1 = {
						CreatedOnToolsVersion = 26.6;
						TestTargetID = 3D3DFC1F303879EC00B841E1;
					};
					3D3DFC38303879ED00B841E1 = {
						CreatedOnToolsVersion = 26.6;
						TestTargetID = 3D3DFC1F303879EC00B841E1;
					};
				};
			};
			buildConfigurationList = 3D3DFBF8303879EB00B841E1 /* Build configuration list for PBXProject "SampaiTitik" */;
			developmentRegion = en;
			hasScannedForEncodings = 0;
			knownRegions = (
				en,
				Base,
			);
			mainGroup = 3D3DFBF4303879EB00B841E1;
			minimizedProjectReferenceProxies = 1;
			preferredProjectObjectVersion = 77;
			productRefGroup = 3D3DFBFE303879EB00B841E1 /* Products */;
			projectDirPath = "";
			projectRoot = "";
			targets = (
				3D3DFBFC303879EB00B841E1 /* SampaiTitik */,
				3D3DFC09303879EC00B841E1 /* SampaiTitikTests */,
				3D3DFC13303879EC00B841E1 /* SampaiTitikUITests */,
				3D3DFC1F303879EC00B841E1 /* SampaiTitik Watch App */,
				3D3DFC2E303879ED00B841E1 /* SampaiTitik Watch AppTests */,
				3D3DFC38303879ED00B841E1 /* SampaiTitik Watch AppUITests */,
			);
		};
/* End PBXProject section */

/* Begin PBXResourcesBuildPhase section */
		3D3DFBFB303879EB00B841E1 /* Resources */ = {
			isa = PBXResourcesBuildPhase;
			buildActionMask = 2147483647;
			files = (
			);
			runOnlyForDeploymentPostprocessing = 0;
		};
		3D3DFC08303879EC00B841E1 /* Resources */ = {
			isa = PBXResourcesBuildPhase;
			buildActionMask = 2147483647;
			files = (
			);
			runOnlyForDeploymentPostprocessing = 0;
		};
		3D3DFC12303879EC00B841E1 /* Resources */ = {
			isa = PBXResourcesBuildPhase;
			buildActionMask = 2147483647;
			files = (
			);
			runOnlyForDeploymentPostprocessing = 0;
		};
		3D3DFC1E303879EC00B841E1 /* Resources */ = {
			isa = PBXResourcesBuildPhase;
			buildActionMask = 2147483647;
			files = (
			);
			runOnlyForDeploymentPostprocessing = 0;
		};
		3D3DFC2D303879ED00B841E1 /* Resources */ = {
			isa = PBXResourcesBuildPhase;
			buildActionMask = 2147483647;
			files = (
			);
			runOnlyForDeploymentPostprocessing = 0;
		};
		3D3DFC37303879ED00B841E1 /* Resources */ = {
			isa = PBXResourcesBuildPhase;
			buildActionMask = 2147483647;
			files = (
			);
			runOnlyForDeploymentPostprocessing = 0;
		};
/* End PBXResourcesBuildPhase section */

/* Begin PBXSourcesBuildPhase section */
		3D3DFBF9303879EB00B841E1 /* Sources */ = {
			isa = PBXSourcesBuildPhase;
			buildActionMask = 2147483647;
			files = (
			);
			runOnlyForDeploymentPostprocessing = 0;
		};
		3D3DFC06303879EC00B841E1 /* Sources */ = {
			isa = PBXSourcesBuildPhase;
			buildActionMask = 2147483647;
			files = (
			);
			runOnlyForDeploymentPostprocessing = 0;
		};
		3D3DFC10303879EC00B841E1 /* Sources */ = {
			isa = PBXSourcesBuildPhase;
			buildActionMask = 2147483647;
			files = (
			);
			runOnlyForDeploymentPostprocessing = 0;
		};
		3D3DFC1C303879EC00B841E1 /* Sources */ = {
			isa = PBXSourcesBuildPhase;
			buildActionMask = 2147483647;
			files = (
			);
			runOnlyForDeploymentPostprocessing = 0;
		};
		3D3DFC2B303879ED00B841E1 /* Sources */ = {
			isa = PBXSourcesBuildPhase;
			buildActionMask = 2147483647;
			files = (
			);
			runOnlyForDeploymentPostprocessing = 0;
		};
		3D3DFC35303879ED00B841E1 /* Sources */ = {
			isa = PBXSourcesBuildPhase;
			buildActionMask = 2147483647;
			files = (
			);
			runOnlyForDeploymentPostprocessing = 0;
		};
/* End PBXSourcesBuildPhase section */

/* Begin PBXTargetDependency section */
		3D3DFC0C303879EC00B841E1 /* PBXTargetDependency */ = {
			isa = PBXTargetDependency;
			target = 3D3DFBFC303879EB00B841E1 /* SampaiTitik */;
			targetProxy = 3D3DFC0B303879EC00B841E1 /* PBXContainerItemProxy */;
		};
		3D3DFC16303879EC00B841E1 /* PBXTargetDependency */ = {
			isa = PBXTargetDependency;
			target = 3D3DFBFC303879EB00B841E1 /* SampaiTitik */;
			targetProxy = 3D3DFC15303879EC00B841E1 /* PBXContainerItemProxy */;
		};
		3D3DFC23303879EC00B841E1 /* PBXTargetDependency */ = {
			isa = PBXTargetDependency;
			target = 3D3DFC1F303879EC00B841E1 /* SampaiTitik Watch App */;
			targetProxy = 3D3DFC22303879EC00B841E1 /* PBXContainerItemProxy */;
		};
		3D3DFC31303879ED00B841E1 /* PBXTargetDependency */ = {
			isa = PBXTargetDependency;
			target = 3D3DFC1F303879EC00B841E1 /* SampaiTitik Watch App */;
			targetProxy = 3D3DFC30303879ED00B841E1 /* PBXContainerItemProxy */;
		};
		3D3DFC3B303879ED00B841E1 /* PBXTargetDependency */ = {
			isa = PBXTargetDependency;
			target = 3D3DFC1F303879EC00B841E1 /* SampaiTitik Watch App */;
			targetProxy = 3D3DFC3A303879ED00B841E1 /* PBXContainerItemProxy */;
		};
/* End PBXTargetDependency section */

/* Begin XCBuildConfiguration section */
		3D3DFC41303879ED00B841E1 /* Debug */ = {
			isa = XCBuildConfiguration;
			buildSettings = {
				ALWAYS_SEARCH_USER_PATHS = NO;
				ASSETCATALOG_COMPILER_GENERATE_SWIFT_ASSET_SYMBOL_EXTENSIONS = YES;
				CLANG_ANALYZER_NONNULL = YES;
				CLANG_ANALYZER_NUMBER_OBJECT_CONVERSION = YES_AGGRESSIVE;
				CLANG_CXX_LANGUAGE_STANDARD = "gnu++20";
				CLANG_ENABLE_MODULES = YES;
				CLANG_ENABLE_OBJC_ARC = YES;
				CLANG_ENABLE_OBJC_WEAK = YES;
				CLANG_WARN_BLOCK_CAPTURE_AUTORELEASING = YES;
				CLANG_WARN_BOOL_CONVERSION = YES;
				CLANG_WARN_COMMA = YES;
				CLANG_WARN_CONSTANT_CONVERSION = YES;
				CLANG_WARN_DEPRECATED_OBJC_IMPLEMENTATIONS = YES;
				CLANG_WARN_DIRECT_OBJC_ISA_USAGE = YES_ERROR;
				CLANG_WARN_DOCUMENTATION_COMMENTS = YES;
				CLANG_WARN_EMPTY_BODY = YES;
				CLANG_WARN_ENUM_CONVERSION = YES;
				CLANG_WARN_INFINITE_RECURSION = YES;
				CLANG_WARN_INT_CONVERSION = YES;
				CLANG_WARN_NON_LITERAL_NULL_CONVERSION = YES;
				CLANG_WARN_OBJC_IMPLICIT_RETAIN_SELF = YES;
				CLANG_WARN_OBJC_LITERAL_CONVERSION = YES;
				CLANG_WARN_OBJC_ROOT_CLASS = YES_ERROR;
				CLANG_WARN_QUOTED_INCLUDE_IN_FRAMEWORK_HEADER = YES;
				CLANG_WARN_RANGE_LOOP_ANALYSIS = YES;
				CLANG_WARN_STRICT_PROTOTYPES = YES;
				CLANG_WARN_SUSPICIOUS_MOVE = YES;
				CLANG_WARN_UNGUARDED_AVAILABILITY = YES_AGGRESSIVE;
				CLANG_WARN_UNREACHABLE_CODE = YES;
				CLANG_WARN__DUPLICATE_METHOD_MATCH = YES;
				COPY_PHASE_STRIP = NO;
				DEBUG_INFORMATION_FORMAT = dwarf;
				DEVELOPMENT_TEAM = CWXJ4ZG5J4;
				ENABLE_STRICT_OBJC_MSGSEND = YES;
				ENABLE_TESTABILITY = YES;
				ENABLE_USER_SCRIPT_SANDBOXING = YES;
				GCC_C_LANGUAGE_STANDARD = gnu17;
				GCC_DYNAMIC_NO_PIC = NO;
				GCC_NO_COMMON_BLOCKS = YES;
				GCC_OPTIMIZATION_LEVEL = 0;
				GCC_PREPROCESSOR_DEFINITIONS = (
					"DEBUG=1",
					"$(inherited)",
				);
				GCC_WARN_64_TO_32_BIT_CONVERSION = YES;
				GCC_WARN_ABOUT_RETURN_TYPE = YES_ERROR;
				GCC_WARN_UNDECLARED_SELECTOR = YES;
				GCC_WARN_UNINITIALIZED_AUTOS = YES_AGGRESSIVE;
				GCC_WARN_UNUSED_FUNCTION = YES;
				GCC_WARN_UNUSED_VARIABLE = YES;
				LOCALIZATION_PREFERS_STRING_CATALOGS = YES;
				MTL_ENABLE_DEBUG_INFO = INCLUDE_SOURCE;
				MTL_FAST_MATH = YES;
				ONLY_ACTIVE_ARCH = YES;
				SWIFT_ACTIVE_COMPILATION_CONDITIONS = "DEBUG $(inherited)";
				SWIFT_OPTIMIZATION_LEVEL = "-Onone";
			};
			name = Debug;
		};
		3D3DFC42303879ED00B841E1 /* Release */ = {
			isa = XCBuildConfiguration;
			buildSettings = {
				ALWAYS_SEARCH_USER_PATHS = NO;
				ASSETCATALOG_COMPILER_GENERATE_SWIFT_ASSET_SYMBOL_EXTENSIONS = YES;
				CLANG_ANALYZER_NONNULL = YES;
				CLANG_ANALYZER_NUMBER_OBJECT_CONVERSION = YES_AGGRESSIVE;
				CLANG_CXX_LANGUAGE_STANDARD = "gnu++20";
				CLANG_ENABLE_MODULES = YES;
				CLANG_ENABLE_OBJC_ARC = YES;
				CLANG_ENABLE_OBJC_WEAK = YES;
				CLANG_WARN_BLOCK_CAPTURE_AUTORELEASING = YES;
				CLANG_WARN_BOOL_CONVERSION = YES;
				CLANG_WARN_COMMA = YES;
				CLANG_WARN_CONSTANT_CONVERSION = YES;
				CLANG_WARN_DEPRECATED_OBJC_IMPLEMENTATIONS = YES;
				CLANG_WARN_DIRECT_OBJC_ISA_USAGE = YES_ERROR;
				CLANG_WARN_DOCUMENTATION_COMMENTS = YES;
				CLANG_WARN_EMPTY_BODY = YES;
				CLANG_WARN_ENUM_CONVERSION = YES;
				CLANG_WARN_INFINITE_RECURSION = YES;
				CLANG_WARN_INT_CONVERSION = YES;
				CLANG_WARN_NON_LITERAL_NULL_CONVERSION = YES;
				CLANG_WARN_OBJC_IMPLICIT_RETAIN_SELF = YES;
				CLANG_WARN_OBJC_LITERAL_CONVERSION = YES;
				CLANG_WARN_OBJC_ROOT_CLASS = YES_ERROR;
				CLANG_WARN_QUOTED_INCLUDE_IN_FRAMEWORK_HEADER = YES;
				CLANG_WARN_RANGE_LOOP_ANALYSIS = YES;
				CLANG_WARN_STRICT_PROTOTYPES = YES;
				CLANG_WARN_SUSPICIOUS_MOVE = YES;
				CLANG_WARN_UNGUARDED_AVAILABILITY = YES_AGGRESSIVE;
				CLANG_WARN_UNREACHABLE_CODE = YES;
				CLANG_WARN__DUPLICATE_METHOD_MATCH = YES;
				COPY_PHASE_STRIP = NO;
				DEBUG_INFORMATION_FORMAT = "dwarf-with-dsym";
				DEVELOPMENT_TEAM = CWXJ4ZG5J4;
				ENABLE_NS_ASSERTIONS = NO;
				ENABLE_STRICT_OBJC_MSGSEND = YES;
				ENABLE_USER_SCRIPT_SANDBOXING = YES;
				GCC_C_LANGUAGE_STANDARD = gnu17;
				GCC_NO_COMMON_BLOCKS = YES;
				GCC_WARN_64_TO_32_BIT_CONVERSION = YES;
				GCC_WARN_ABOUT_RETURN_TYPE = YES_ERROR;
				GCC_WARN_UNDECLARED_SELECTOR = YES;
				GCC_WARN_UNINITIALIZED_AUTOS = YES_AGGRESSIVE;
				GCC_WARN_UNUSED_FUNCTION = YES;
				GCC_WARN_UNUSED_VARIABLE = YES;
				LOCALIZATION_PREFERS_STRING_CATALOGS = YES;
				MTL_ENABLE_DEBUG_INFO = NO;
				MTL_FAST_MATH = YES;
				SWIFT_COMPILATION_MODE = wholemodule;
			};
			name = Release;
		};
		3D3DFC44303879ED00B841E1 /* Debug */ = {
			isa = XCBuildConfiguration;
			buildSettings = {
				ASSETCATALOG_COMPILER_APPICON_NAME = AppIcon;
				ASSETCATALOG_COMPILER_GLOBAL_ACCENT_COLOR_NAME = AccentColor;
				CODE_SIGN_IDENTITY = "Apple Development";
				"CODE_SIGN_IDENTITY[sdk=watchos*]" = "iPhone Developer";
				CODE_SIGN_STYLE = Manual;
				CURRENT_PROJECT_VERSION = 1;
				DEVELOPMENT_TEAM = "";
				"DEVELOPMENT_TEAM[sdk=watchos*]" = CWXJ4ZG5J4;
				ENABLE_PREVIEWS = YES;
				GENERATE_INFOPLIST_FILE = YES;
				INFOPLIST_KEY_CFBundleDisplayName = SampaiTitik;
				INFOPLIST_KEY_UISupportedInterfaceOrientations = "UIInterfaceOrientationPortrait UIInterfaceOrientationPortraitUpsideDown";
				INFOPLIST_KEY_WKCompanionAppBundleIdentifier = com.54racing.SampaiTitik;
				INFOPLIST_KEY_WKRunsIndependentlyOfCompanionApp = YES;
				LD_RUNPATH_SEARCH_PATHS = (
					"$(inherited)",
					"@executable_path/Frameworks",
				);
				MARKETING_VERSION = 1.0;
				PRODUCT_BUNDLE_IDENTIFIER = com.54racing.SampaiTitik.watchkitapp;
				PRODUCT_NAME = "$(TARGET_NAME)";
				PROVISIONING_PROFILE_SPECIFIER = "";
				"PROVISIONING_PROFILE_SPECIFIER[sdk=watchos*]" = "match Development com.54racing.SampaiTitik.watchkitapp";
				SDKROOT = watchos;
				SKIP_INSTALL = YES;
				STRING_CATALOG_GENERATE_SYMBOLS = YES;
				SWIFT_APPROACHABLE_CONCURRENCY = YES;
				SWIFT_DEFAULT_ACTOR_ISOLATION = MainActor;
				SWIFT_EMIT_LOC_STRINGS = YES;
				SWIFT_UPCOMING_FEATURE_MEMBER_IMPORT_VISIBILITY = YES;
				SWIFT_VERSION = 5.0;
				TARGETED_DEVICE_FAMILY = 4;
				WATCHOS_DEPLOYMENT_TARGET = 26.4;
			};
			name = Debug;
		};
		3D3DFC45303879ED00B841E1 /* Release */ = {
			isa = XCBuildConfiguration;
			buildSettings = {
				ASSETCATALOG_COMPILER_APPICON_NAME = AppIcon;
				ASSETCATALOG_COMPILER_GLOBAL_ACCENT_COLOR_NAME = AccentColor;
				CODE_SIGN_IDENTITY = "Apple Development";
				"CODE_SIGN_IDENTITY[sdk=watchos*]" = "iPhone Developer";
				CODE_SIGN_STYLE = Manual;
				CURRENT_PROJECT_VERSION = 1;
				DEVELOPMENT_TEAM = "";
				"DEVELOPMENT_TEAM[sdk=watchos*]" = CWXJ4ZG5J4;
				ENABLE_PREVIEWS = YES;
				GENERATE_INFOPLIST_FILE = YES;
				INFOPLIST_KEY_CFBundleDisplayName = SampaiTitik;
				INFOPLIST_KEY_UISupportedInterfaceOrientations = "UIInterfaceOrientationPortrait UIInterfaceOrientationPortraitUpsideDown";
				INFOPLIST_KEY_WKCompanionAppBundleIdentifier = com.54racing.SampaiTitik;
				INFOPLIST_KEY_WKRunsIndependentlyOfCompanionApp = YES;
				LD_RUNPATH_SEARCH_PATHS = (
					"$(inherited)",
					"@executable_path/Frameworks",
				);
				MARKETING_VERSION = 1.0;
				PRODUCT_BUNDLE_IDENTIFIER = com.54racing.SampaiTitik.watchkitapp;
				PRODUCT_NAME = "$(TARGET_NAME)";
				PROVISIONING_PROFILE_SPECIFIER = "";
				"PROVISIONING_PROFILE_SPECIFIER[sdk=watchos*]" = "match Development com.54racing.SampaiTitik.watchkitapp";
				SDKROOT = watchos;
				SKIP_INSTALL = YES;
				STRING_CATALOG_GENERATE_SYMBOLS = YES;
				SWIFT_APPROACHABLE_CONCURRENCY = YES;
				SWIFT_DEFAULT_ACTOR_ISOLATION = MainActor;
				SWIFT_EMIT_LOC_STRINGS = YES;
				SWIFT_UPCOMING_FEATURE_MEMBER_IMPORT_VISIBILITY = YES;
				SWIFT_VERSION = 5.0;
				TARGETED_DEVICE_FAMILY = 4;
				VALIDATE_PRODUCT = YES;
				WATCHOS_DEPLOYMENT_TARGET = 26.4;
			};
			name = Release;
		};
		3D3DFC48303879ED00B841E1 /* Debug */ = {
			isa = XCBuildConfiguration;
			buildSettings = {
				ASSETCATALOG_COMPILER_APPICON_NAME = AppIcon;
				ASSETCATALOG_COMPILER_GLOBAL_ACCENT_COLOR_NAME = AccentColor;
				"CODE_SIGN_IDENTITY[sdk=iphoneos*]" = "iPhone Developer";
				CODE_SIGN_STYLE = Manual;
				CURRENT_PROJECT_VERSION = 1;
				DEVELOPMENT_TEAM = "";
				"DEVELOPMENT_TEAM[sdk=iphoneos*]" = CWXJ4ZG5J4;
				ENABLE_PREVIEWS = YES;
				GENERATE_INFOPLIST_FILE = YES;
				INFOPLIST_FILE = SampaiTitik/Info.plist;
				INFOPLIST_KEY_CFBundleDisplayName = SampaiTitik;
				INFOPLIST_KEY_LSApplicationCategoryType = "public.app-category.travel";
				INFOPLIST_KEY_NSLocationAlwaysAndWhenInUseUsageDescription = "Aplikasi memerlukan akses lokasi di latar belakang agar dapat membunyikan alarm saat Anda sampai di tujuan.";
				INFOPLIST_KEY_NSLocationWhenInUseUsageDescription = "Aplikasi memerlukan akses lokasi untuk menampilkan rute dan lokasi tujuan Anda di peta.";
				INFOPLIST_KEY_UIApplicationSceneManifest_Generation = YES;
				INFOPLIST_KEY_UIApplicationSupportsIndirectInputEvents = YES;
				INFOPLIST_KEY_UILaunchScreen_Generation = YES;
				INFOPLIST_KEY_UISupportedInterfaceOrientations_iPad = "UIInterfaceOrientationPortrait UIInterfaceOrientationPortraitUpsideDown UIInterfaceOrientationLandscapeLeft UIInterfaceOrientationLandscapeRight";
				INFOPLIST_KEY_UISupportedInterfaceOrientations_iPhone = "UIInterfaceOrientationPortrait UIInterfaceOrientationLandscapeLeft UIInterfaceOrientationLandscapeRight";
				IPHONEOS_DEPLOYMENT_TARGET = 26.4;
				LD_RUNPATH_SEARCH_PATHS = (
					"$(inherited)",
					"@executable_path/Frameworks",
				);
				MARKETING_VERSION = 1.0.1;
				PRODUCT_BUNDLE_IDENTIFIER = com.54racing.SampaiTitik;
				PRODUCT_NAME = "$(TARGET_NAME)";
				PROVISIONING_PROFILE_SPECIFIER = "";
				"PROVISIONING_PROFILE_SPECIFIER[sdk=iphoneos*]" = "match Development com.54racing.SampaiTitik";
				SDKROOT = iphoneos;
				STRING_CATALOG_GENERATE_SYMBOLS = YES;
				SUPPORTED_PLATFORMS = "iphoneos iphonesimulator";
				SUPPORTS_MACCATALYST = NO;
				SUPPORTS_MAC_DESIGNED_FOR_IPHONE_IPAD = NO;
				SUPPORTS_XR_DESIGNED_FOR_IPHONE_IPAD = NO;
				SWIFT_APPROACHABLE_CONCURRENCY = YES;
				SWIFT_DEFAULT_ACTOR_ISOLATION = MainActor;
				SWIFT_EMIT_LOC_STRINGS = YES;
				SWIFT_UPCOMING_FEATURE_MEMBER_IMPORT_VISIBILITY = YES;
				SWIFT_VERSION = 5.0;
				TARGETED_DEVICE_FAMILY = 1;
			};
			name = Debug;
		};
		3D3DFC49303879ED00B841E1 /* Release */ = {
			isa = XCBuildConfiguration;
			buildSettings = {
				ASSETCATALOG_COMPILER_APPICON_NAME = AppIcon;
				ASSETCATALOG_COMPILER_GLOBAL_ACCENT_COLOR_NAME = AccentColor;
				"CODE_SIGN_IDENTITY[sdk=iphoneos*]" = "iPhone Developer";
				CODE_SIGN_STYLE = Manual;
				CURRENT_PROJECT_VERSION = 1;
				DEVELOPMENT_TEAM = "";
				"DEVELOPMENT_TEAM[sdk=iphoneos*]" = CWXJ4ZG5J4;
				ENABLE_PREVIEWS = YES;
				GENERATE_INFOPLIST_FILE = YES;
				INFOPLIST_FILE = SampaiTitik/Info.plist;
				INFOPLIST_KEY_CFBundleDisplayName = SampaiTitik;
				INFOPLIST_KEY_LSApplicationCategoryType = "public.app-category.travel";
				INFOPLIST_KEY_NSLocationAlwaysAndWhenInUseUsageDescription = "Aplikasi memerlukan akses lokasi di latar belakang agar dapat membunyikan alarm saat Anda sampai di tujuan.";
				INFOPLIST_KEY_NSLocationWhenInUseUsageDescription = "Aplikasi memerlukan akses lokasi untuk menampilkan rute dan lokasi tujuan Anda di peta.";
				INFOPLIST_KEY_UIApplicationSceneManifest_Generation = YES;
				INFOPLIST_KEY_UIApplicationSupportsIndirectInputEvents = YES;
				INFOPLIST_KEY_UILaunchScreen_Generation = YES;
				INFOPLIST_KEY_UISupportedInterfaceOrientations_iPad = "UIInterfaceOrientationPortrait UIInterfaceOrientationPortraitUpsideDown UIInterfaceOrientationLandscapeLeft UIInterfaceOrientationLandscapeRight";
				INFOPLIST_KEY_UISupportedInterfaceOrientations_iPhone = "UIInterfaceOrientationPortrait UIInterfaceOrientationLandscapeLeft UIInterfaceOrientationLandscapeRight";
				IPHONEOS_DEPLOYMENT_TARGET = 26.4;
				LD_RUNPATH_SEARCH_PATHS = (
					"$(inherited)",
					"@executable_path/Frameworks",
				);
				MARKETING_VERSION = 1.0.1;
				PRODUCT_BUNDLE_IDENTIFIER = com.54racing.SampaiTitik;
				PRODUCT_NAME = "$(TARGET_NAME)";
				PROVISIONING_PROFILE_SPECIFIER = "";
				"PROVISIONING_PROFILE_SPECIFIER[sdk=iphoneos*]" = "match Development com.54racing.SampaiTitik";
				SDKROOT = iphoneos;
				STRING_CATALOG_GENERATE_SYMBOLS = YES;
				SUPPORTED_PLATFORMS = "iphoneos iphonesimulator";
				SUPPORTS_MACCATALYST = NO;
				SUPPORTS_MAC_DESIGNED_FOR_IPHONE_IPAD = NO;
				SUPPORTS_XR_DESIGNED_FOR_IPHONE_IPAD = NO;
				SWIFT_APPROACHABLE_CONCURRENCY = YES;
				SWIFT_DEFAULT_ACTOR_ISOLATION = MainActor;
				SWIFT_EMIT_LOC_STRINGS = YES;
				SWIFT_UPCOMING_FEATURE_MEMBER_IMPORT_VISIBILITY = YES;
				SWIFT_VERSION = 5.0;
				TARGETED_DEVICE_FAMILY = 1;
				VALIDATE_PRODUCT = YES;
			};
			name = Release;
		};
		3D3DFC4B303879ED00B841E1 /* Debug */ = {
			isa = XCBuildConfiguration;
			buildSettings = {
				BUNDLE_LOADER = "$(TEST_HOST)";
				CODE_SIGN_STYLE = Automatic;
				CURRENT_PROJECT_VERSION = 1;
				DEVELOPMENT_TEAM = CWXJ4ZG5J4;
				GENERATE_INFOPLIST_FILE = YES;
				IPHONEOS_DEPLOYMENT_TARGET = 26.4;
				MARKETING_VERSION = 1.0;
				PRODUCT_BUNDLE_IDENTIFIER = com.54racing.SampaiTitikTests;
				PRODUCT_NAME = "$(TARGET_NAME)";
				SDKROOT = iphoneos;
				STRING_CATALOG_GENERATE_SYMBOLS = NO;
				SWIFT_APPROACHABLE_CONCURRENCY = YES;
				SWIFT_EMIT_LOC_STRINGS = NO;
				SWIFT_UPCOMING_FEATURE_MEMBER_IMPORT_VISIBILITY = YES;
				SWIFT_VERSION = 5.0;
				TARGETED_DEVICE_FAMILY = "1,2";
				TEST_HOST = "$(BUILT_PRODUCTS_DIR)/SampaiTitik.app/$(BUNDLE_EXECUTABLE_FOLDER_PATH)/SampaiTitik";
			};
			name = Debug;
		};
		3D3DFC4C303879ED00B841E1 /* Release */ = {
			isa = XCBuildConfiguration;
			buildSettings = {
				BUNDLE_LOADER = "$(TEST_HOST)";
				CODE_SIGN_STYLE = Automatic;
				CURRENT_PROJECT_VERSION = 1;
				DEVELOPMENT_TEAM = CWXJ4ZG5J4;
				GENERATE_INFOPLIST_FILE = YES;
				IPHONEOS_DEPLOYMENT_TARGET = 26.4;
				MARKETING_VERSION = 1.0;
				PRODUCT_BUNDLE_IDENTIFIER = com.54racing.SampaiTitikTests;
				PRODUCT_NAME = "$(TARGET_NAME)";
				SDKROOT = iphoneos;
				STRING_CATALOG_GENERATE_SYMBOLS = NO;
				SWIFT_APPROACHABLE_CONCURRENCY = YES;
				SWIFT_EMIT_LOC_STRINGS = NO;
				SWIFT_UPCOMING_FEATURE_MEMBER_IMPORT_VISIBILITY = YES;
				SWIFT_VERSION = 5.0;
				TARGETED_DEVICE_FAMILY = "1,2";
				TEST_HOST = "$(BUILT_PRODUCTS_DIR)/SampaiTitik.app/$(BUNDLE_EXECUTABLE_FOLDER_PATH)/SampaiTitik";
				VALIDATE_PRODUCT = YES;
			};
			name = Release;
		};
		3D3DFC4E303879ED00B841E1 /* Debug */ = {
			isa = XCBuildConfiguration;
			buildSettings = {
				CODE_SIGN_STYLE = Automatic;
				CURRENT_PROJECT_VERSION = 1;
				DEVELOPMENT_TEAM = CWXJ4ZG5J4;
				GENERATE_INFOPLIST_FILE = YES;
				IPHONEOS_DEPLOYMENT_TARGET = 26.4;
				MARKETING_VERSION = 1.0;
				PRODUCT_BUNDLE_IDENTIFIER = com.54racing.SampaiTitikUITests;
				PRODUCT_NAME = "$(TARGET_NAME)";
				SDKROOT = iphoneos;
				STRING_CATALOG_GENERATE_SYMBOLS = NO;
				SWIFT_APPROACHABLE_CONCURRENCY = YES;
				SWIFT_EMIT_LOC_STRINGS = NO;
				SWIFT_UPCOMING_FEATURE_MEMBER_IMPORT_VISIBILITY = YES;
				SWIFT_VERSION = 5.0;
				TARGETED_DEVICE_FAMILY = "1,2";
				TEST_TARGET_NAME = SampaiTitik;
			};
			name = Debug;
		};
		3D3DFC4F303879ED00B841E1 /* Release */ = {
			isa = XCBuildConfiguration;
			buildSettings = {
				CODE_SIGN_STYLE = Automatic;
				CURRENT_PROJECT_VERSION = 1;
				DEVELOPMENT_TEAM = CWXJ4ZG5J4;
				GENERATE_INFOPLIST_FILE = YES;
				IPHONEOS_DEPLOYMENT_TARGET = 26.4;
				MARKETING_VERSION = 1.0;
				PRODUCT_BUNDLE_IDENTIFIER = com.54racing.SampaiTitikUITests;
				PRODUCT_NAME = "$(TARGET_NAME)";
				SDKROOT = iphoneos;
				STRING_CATALOG_GENERATE_SYMBOLS = NO;
				SWIFT_APPROACHABLE_CONCURRENCY = YES;
				SWIFT_EMIT_LOC_STRINGS = NO;
				SWIFT_UPCOMING_FEATURE_MEMBER_IMPORT_VISIBILITY = YES;
				SWIFT_VERSION = 5.0;
				TARGETED_DEVICE_FAMILY = "1,2";
				TEST_TARGET_NAME = SampaiTitik;
				VALIDATE_PRODUCT = YES;
			};
			name = Release;
		};
		3D3DFC51303879ED00B841E1 /* Debug */ = {
			isa = XCBuildConfiguration;
			buildSettings = {
				BUNDLE_LOADER = "$(TEST_HOST)";
				CODE_SIGN_STYLE = Automatic;
				CURRENT_PROJECT_VERSION = 1;
				DEVELOPMENT_TEAM = CWXJ4ZG5J4;
				GENERATE_INFOPLIST_FILE = YES;
				MARKETING_VERSION = 1.0;
				PRODUCT_BUNDLE_IDENTIFIER = "com.54racing.SampaiTitik-Watch-AppTests";
				PRODUCT_NAME = "$(TARGET_NAME)";
				SDKROOT = watchos;
				STRING_CATALOG_GENERATE_SYMBOLS = NO;
				SWIFT_APPROACHABLE_CONCURRENCY = YES;
				SWIFT_EMIT_LOC_STRINGS = NO;
				SWIFT_UPCOMING_FEATURE_MEMBER_IMPORT_VISIBILITY = YES;
				SWIFT_VERSION = 5.0;
				TARGETED_DEVICE_FAMILY = 4;
				TEST_HOST = "$(BUILT_PRODUCTS_DIR)/SampaiTitik Watch App.app/$(BUNDLE_EXECUTABLE_FOLDER_PATH)/SampaiTitik Watch App";
				WATCHOS_DEPLOYMENT_TARGET = 26.4;
			};
			name = Debug;
		};
		3D3DFC52303879ED00B841E1 /* Release */ = {
			isa = XCBuildConfiguration;
			buildSettings = {
				BUNDLE_LOADER = "$(TEST_HOST)";
				CODE_SIGN_STYLE = Automatic;
				CURRENT_PROJECT_VERSION = 1;
				DEVELOPMENT_TEAM = CWXJ4ZG5J4;
				GENERATE_INFOPLIST_FILE = YES;
				MARKETING_VERSION = 1.0;
				PRODUCT_BUNDLE_IDENTIFIER = "com.54racing.SampaiTitik-Watch-AppTests";
				PRODUCT_NAME = "$(TARGET_NAME)";
				SDKROOT = watchos;
				STRING_CATALOG_GENERATE_SYMBOLS = NO;
				SWIFT_APPROACHABLE_CONCURRENCY = YES;
				SWIFT_EMIT_LOC_STRINGS = NO;
				SWIFT_UPCOMING_FEATURE_MEMBER_IMPORT_VISIBILITY = YES;
				SWIFT_VERSION = 5.0;
				TARGETED_DEVICE_FAMILY = 4;
				TEST_HOST = "$(BUILT_PRODUCTS_DIR)/SampaiTitik Watch App.app/$(BUNDLE_EXECUTABLE_FOLDER_PATH)/SampaiTitik Watch App";
				VALIDATE_PRODUCT = YES;
				WATCHOS_DEPLOYMENT_TARGET = 26.4;
			};
			name = Release;
		};
		3D3DFC54303879ED00B841E1 /* Debug */ = {
			isa = XCBuildConfiguration;
			buildSettings = {
				CODE_SIGN_STYLE = Automatic;
				CURRENT_PROJECT_VERSION = 1;
				DEVELOPMENT_TEAM = CWXJ4ZG5J4;
				GENERATE_INFOPLIST_FILE = YES;
				MARKETING_VERSION = 1.0;
				PRODUCT_BUNDLE_IDENTIFIER = "com.54racing.SampaiTitik-Watch-AppUITests";
				PRODUCT_NAME = "$(TARGET_NAME)";
				SDKROOT = watchos;
				STRING_CATALOG_GENERATE_SYMBOLS = NO;
				SWIFT_APPROACHABLE_CONCURRENCY = YES;
				SWIFT_EMIT_LOC_STRINGS = NO;
				SWIFT_UPCOMING_FEATURE_MEMBER_IMPORT_VISIBILITY = YES;
				SWIFT_VERSION = 5.0;
				TARGETED_DEVICE_FAMILY = 4;
				TEST_TARGET_NAME = "SampaiTitik Watch App";
				WATCHOS_DEPLOYMENT_TARGET = 26.4;
			};
			name = Debug;
		};
		3D3DFC55303879ED00B841E1 /* Release */ = {
			isa = XCBuildConfiguration;
			buildSettings = {
				CODE_SIGN_STYLE = Automatic;
				CURRENT_PROJECT_VERSION = 1;
				DEVELOPMENT_TEAM = CWXJ4ZG5J4;
				GENERATE_INFOPLIST_FILE = YES;
				MARKETING_VERSION = 1.0;
				PRODUCT_BUNDLE_IDENTIFIER = "com.54racing.SampaiTitik-Watch-AppUITests";
				PRODUCT_NAME = "$(TARGET_NAME)";
				SDKROOT = watchos;
				STRING_CATALOG_GENERATE_SYMBOLS = NO;
				SWIFT_APPROACHABLE_CONCURRENCY = YES;
				SWIFT_EMIT_LOC_STRINGS = NO;
				SWIFT_UPCOMING_FEATURE_MEMBER_IMPORT_VISIBILITY = YES;
				SWIFT_VERSION = 5.0;
				TARGETED_DEVICE_FAMILY = 4;
				TEST_TARGET_NAME = "SampaiTitik Watch App";
				VALIDATE_PRODUCT = YES;
				WATCHOS_DEPLOYMENT_TARGET = 26.4;
			};
			name = Release;
		};
/* End XCBuildConfiguration section */

/* Begin XCConfigurationList section */
		3D3DFBF8303879EB00B841E1 /* Build configuration list for PBXProject "SampaiTitik" */ = {
			isa = XCConfigurationList;
			buildConfigurations = (
				3D3DFC41303879ED00B841E1 /* Debug */,
				3D3DFC42303879ED00B841E1 /* Release */,
			);
			defaultConfigurationIsVisible = 0;
			defaultConfigurationName = Release;
		};
		3D3DFC43303879ED00B841E1 /* Build configuration list for PBXNativeTarget "SampaiTitik Watch App" */ = {
			isa = XCConfigurationList;
			buildConfigurations = (
				3D3DFC44303879ED00B841E1 /* Debug */,
				3D3DFC45303879ED00B841E1 /* Release */,
			);
			defaultConfigurationIsVisible = 0;
			defaultConfigurationName = Release;
		};
		3D3DFC47303879ED00B841E1 /* Build configuration list for PBXNativeTarget "SampaiTitik" */ = {
			isa = XCConfigurationList;
			buildConfigurations = (
				3D3DFC48303879ED00B841E1 /* Debug */,
				3D3DFC49303879ED00B841E1 /* Release */,
			);
			defaultConfigurationIsVisible = 0;
			defaultConfigurationName = Release;
		};
		3D3DFC4A303879ED00B841E1 /* Build configuration list for PBXNativeTarget "SampaiTitikTests" */ = {
			isa = XCConfigurationList;
			buildConfigurations = (
				3D3DFC4B303879ED00B841E1 /* Debug */,
				3D3DFC4C303879ED00B841E1 /* Release */,
			);
			defaultConfigurationIsVisible = 0;
			defaultConfigurationName = Release;
		};
		3D3DFC4D303879ED00B841E1 /* Build configuration list for PBXNativeTarget "SampaiTitikUITests" */ = {
			isa = XCConfigurationList;
			buildConfigurations = (
				3D3DFC4E303879ED00B841E1 /* Debug */,
				3D3DFC4F303879ED00B841E1 /* Release */,
			);
			defaultConfigurationIsVisible = 0;
			defaultConfigurationName = Release;
		};
		3D3DFC50303879ED00B841E1 /* Build configuration list for PBXNativeTarget "SampaiTitik Watch AppTests" */ = {
			isa = XCConfigurationList;
			buildConfigurations = (
				3D3DFC51303879ED00B841E1 /* Debug */,
				3D3DFC52303879ED00B841E1 /* Release */,
			);
			defaultConfigurationIsVisible = 0;
			defaultConfigurationName = Release;
		};
		3D3DFC53303879ED00B841E1 /* Build configuration list for PBXNativeTarget "SampaiTitik Watch AppUITests" */ = {
			isa = XCConfigurationList;
			buildConfigurations = (
				3D3DFC54303879ED00B841E1 /* Debug */,
				3D3DFC55303879ED00B841E1 /* Release */,
			);
			defaultConfigurationIsVisible = 0;
			defaultConfigurationName = Release;
		};
/* End XCConfigurationList section */
	};
	rootObject = 3D3DFBF5303879EB00B841E1 /* Project object */;
}
